dependencies:
  espressif/esp-dsp:
    component_hash: 46498b4973097cac29cfc6a692abef44375ffb7b00b73b3f354124efc626a154
    source:
      service_url: https://api.components.espressif.com/
      type: service
    version: 1.4.10
  idf:
    component_hash: null
    source:
      type: idf
    version: 4.4.5
manifest_hash: 0b3f878f5bb7db9f76ba9fd0ea824c6856d53a0fcddac36fd82fb3dfc79d06d0
target: esp32s3
version: 1.0.0
